// !$*UTF8*$!
{
	archiveVersion = 1;
	classes = {
	};
	objectVersion = 46;
	objects = {

/* Begin PBXBuildFile section */
		E43E97F81B925D3F000204A2 /* floor.cpp in Sources */ = {isa = PBXBuildFile; fileRef = E43E97F71B925D3F000204A2 /* floor.cpp */; };
		E4C1B03A1B8EBC390048A502 /* pipe.cpp in Sources */ = {isa = PBXBuildFile; fileRef = E4C1B0391B8EBC390048A502 /* pipe.cpp */; };
		E4F8755D1B85643D0034D847 /* ResourcePath.mm in Sources */ = {isa = PBXBuildFile; fileRef = E4F8755C1B85643D0034D847 /* ResourcePath.mm */; };
		E4F875601B85643D0034D847 /* main.cpp in Sources */ = {isa = PBXBuildFile; fileRef = E4F8755F1B85643D0034D847 /* main.cpp */; };
		E4F875651B85643D0034D847 /* nice_music.ogg in Resources */ = {isa = PBXBuildFile; fileRef = E4F875641B85643D0034D847 /* nice_music.ogg */; };
		E4F875671B85643D0034D847 /* sansation.ttf in Resources */ = {isa = PBXBuildFile; fileRef = E4F875661B85643D0034D847 /* sansation.ttf */; };
		E4F875691B85643D0034D847 /* icon.png in Resources */ = {isa = PBXBuildFile; fileRef = E4F875681B85643D0034D847 /* icon.png */; };
		E4F875701B8564AA0034D847 /* world_texture.png in Resources */ = {isa = PBXBuildFile; fileRef = E4F8756F1B8564AA0034D847 /* world_texture.png */; };
		E4F875731B856B1E0034D847 /* AssetManager.cpp in Sources */ = {isa = PBXBuildFile; fileRef = E4F875721B856B1E0034D847 /* AssetManager.cpp */; };
		E4F875751B88FBDD0034D847 /* other_textures in Resources */ = {isa = PBXBuildFile; fileRef = E4F875741B88FBDD0034D847 /* other_textures */; };
		E4F875781B88FDC60034D847 /* button.cpp in Sources */ = {isa = PBXBuildFile; fileRef = E4F875761B88FDC60034D847 /* button.cpp */; };
		E4F8757B1B8900030034D847 /* game_obj.cpp in Sources */ = {isa = PBXBuildFile; fileRef = E4F875791B8900030034D847 /* game_obj.cpp */; };
		E4F8757E1B89034F0034D847 /* character.cpp in Sources */ = {isa = PBXBuildFile; fileRef = E4F8757C1B89034F0034D847 /* character.cpp */; };
/* End PBXBuildFile section */

/* Begin PBXFileReference section */
		E43E97F61B925C8D000204A2 /* floor.hpp */ = {isa = PBXFileReference; fileEncoding = 4; lastKnownFileType = sourcecode.cpp.h; path = floor.hpp; sourceTree = "<group>"; };
		E43E97F71B925D3F000204A2 /* floor.cpp */ = {isa = PBXFileReference; fileEncoding = 4; lastKnownFileType = sourcecode.cpp.cpp; path = floor.cpp; sourceTree = "<group>"; };
		E4C1B0381B8EB9E00048A502 /* pipe.hpp */ = {isa = PBXFileReference; fileEncoding = 4; lastKnownFileType = sourcecode.cpp.h; path = pipe.hpp; sourceTree = "<group>"; };
		E4C1B0391B8EBC390048A502 /* pipe.cpp */ = {isa = PBXFileReference; fileEncoding = 4; lastKnownFileType = sourcecode.cpp.cpp; path = pipe.cpp; sourceTree = "<group>"; };
		E4F875571B85643D0034D847 /* Flappy Bird.app */ = {isa = PBXFileReference; explicitFileType = wrapper.application; includeInIndex = 0; path = "Flappy Bird.app"; sourceTree = BUILT_PRODUCTS_DIR; };
		E4F8755B1B85643D0034D847 /* Flappy Bird-Info.plist */ = {isa = PBXFileReference; lastKnownFileType = text.plist.xml; path = "Flappy Bird-Info.plist"; sourceTree = "<group>"; };
		E4F8755C1B85643D0034D847 /* ResourcePath.mm */ = {isa = PBXFileReference; lastKnownFileType = sourcecode.cpp.objcpp; path = ResourcePath.mm; sourceTree = "<group>"; };
		E4F8755E1B85643D0034D847 /* ResourcePath.hpp */ = {isa = PBXFileReference; lastKnownFileType = sourcecode.cpp.h; path = ResourcePath.hpp; sourceTree = "<group>"; };
		E4F8755F1B85643D0034D847 /* main.cpp */ = {isa = PBXFileReference; lastKnownFileType = sourcecode.cpp.cpp; path = main.cpp; sourceTree = "<group>"; };
		E4F875641B85643D0034D847 /* nice_music.ogg */ = {isa = PBXFileReference; lastKnownFileType = file; path = nice_music.ogg; sourceTree = "<group>"; };
		E4F875661B85643D0034D847 /* sansation.ttf */ = {isa = PBXFileReference; lastKnownFileType = file; path = sansation.ttf; sourceTree = "<group>"; };
		E4F875681B85643D0034D847 /* icon.png */ = {isa = PBXFileReference; lastKnownFileType = image.png; path = icon.png; sourceTree = "<group>"; };
		E4F8756F1B8564AA0034D847 /* world_texture.png */ = {isa = PBXFileReference; lastKnownFileType = image.png; name = world_texture.png; path = "Flappy Bird.xcodeproj/world_texture.png"; sourceTree = SOURCE_ROOT; };
		E4F875711B8569F30034D847 /* AssetManager.hpp */ = {isa = PBXFileReference; fileEncoding = 4; lastKnownFileType = sourcecode.cpp.h; path = AssetManager.hpp; sourceTree = "<group>"; };
		E4F875721B856B1E0034D847 /* AssetManager.cpp */ = {isa = PBXFileReference; fileEncoding = 4; lastKnownFileType = sourcecode.cpp.cpp; path = AssetManager.cpp; sourceTree = "<group>"; };
		E4F875741B88FBDD0034D847 /* other_textures */ = {isa = PBXFileReference; lastKnownFileType = folder; path = other_textures; sourceTree = "<group>"; };
		E4F875761B88FDC60034D847 /* button.cpp */ = {isa = PBXFileReference; fileEncoding = 4; lastKnownFileType = sourcecode.cpp.cpp; path = button.cpp; sourceTree = "<group>"; };
		E4F875771B88FDC60034D847 /* button.hpp */ = {isa = PBXFileReference; fileEncoding = 4; lastKnownFileType = sourcecode.cpp.h; path = button.hpp; sourceTree = "<group>"; };
		E4F875791B8900030034D847 /* game_obj.cpp */ = {isa = PBXFileReference; fileEncoding = 4; lastKnownFileType = sourcecode.cpp.cpp; path = game_obj.cpp; sourceTree = "<group>"; };
		E4F8757A1B8900030034D847 /* game_obj.hpp */ = {isa = PBXFileReference; fileEncoding = 4; lastKnownFileType = sourcecode.cpp.h; path = game_obj.hpp; sourceTree = "<group>"; };
		E4F8757C1B89034F0034D847 /* character.cpp */ = {isa = PBXFileReference; fileEncoding = 4; lastKnownFileType = sourcecode.cpp.cpp; path = character.cpp; sourceTree = "<group>"; };
		E4F8757D1B89034F0034D847 /* character.hpp */ = {isa = PBXFileReference; fileEncoding = 4; lastKnownFileType = sourcecode.cpp.h; path = character.hpp; sourceTree = "<group>"; };
/* End PBXFileReference section */

/* Begin PBXFrameworksBuildPhase section */
		E4F875531B85643D0034D847 /* Frameworks */ = {
			isa = PBXFrameworksBuildPhase;
			buildActionMask = 2147483647;
			files = (
			);
			runOnlyForDeploymentPostprocessing = 0;
		};
/* End PBXFrameworksBuildPhase section */

/* Begin PBXGroup section */
		E4F8754D1B85643D0034D847 = {
			isa = PBXGroup;
			children = (
				E4F875591B85643D0034D847 /* Flappy Bird */,
				E4F875581B85643D0034D847 /* Products */,
			);
			sourceTree = "<group>";
		};
		E4F875581B85643D0034D847 /* Products */ = {
			isa = PBXGroup;
			children = (
				E4F875571B85643D0034D847 /* Flappy Bird.app */,
			);
			name = Products;
			sourceTree = "<group>";
		};
		E4F875591B85643D0034D847 /* Flappy Bird */ = {
			isa = PBXGroup;
			children = (
				E4F8755F1B85643D0034D847 /* main.cpp */,
				E4F875711B8569F30034D847 /* AssetManager.hpp */,
				E4F875721B856B1E0034D847 /* AssetManager.cpp */,
				E4F8757A1B8900030034D847 /* game_obj.hpp */,
				E4F875791B8900030034D847 /* game_obj.cpp */,
				E4F8757D1B89034F0034D847 /* character.hpp */,
				E4F8757C1B89034F0034D847 /* character.cpp */,
				E4F875771B88FDC60034D847 /* button.hpp */,
				E4F875761B88FDC60034D847 /* button.cpp */,
				E4C1B0381B8EB9E00048A502 /* pipe.hpp */,
				E4C1B0391B8EBC390048A502 /* pipe.cpp */,
				E43E97F61B925C8D000204A2 /* floor.hpp */,
				E43E97F71B925D3F000204A2 /* floor.cpp */,
				E4F8755C1B85643D0034D847 /* ResourcePath.mm */,
				E4F8755E1B85643D0034D847 /* ResourcePath.hpp */,
				E4F875611B85643D0034D847 /* Resources */,
				E4F8755A1B85643D0034D847 /* Supporting Files */,
			);
			path = "Flappy Bird";
			sourceTree = "<group>";
		};
		E4F8755A1B85643D0034D847 /* Supporting Files */ = {
			isa = PBXGroup;
			children = (
				E4F8755B1B85643D0034D847 /* Flappy Bird-Info.plist */,
			);
			name = "Supporting Files";
			sourceTree = "<group>";
		};
		E4F875611B85643D0034D847 /* Resources */ = {
			isa = PBXGroup;
			children = (
				E4F8756F1B8564AA0034D847 /* world_texture.png */,
				E4F875641B85643D0034D847 /* nice_music.ogg */,
				E4F875661B85643D0034D847 /* sansation.ttf */,
				E4F875681B85643D0034D847 /* icon.png */,
				E4F875741B88FBDD0034D847 /* other_textures */,
			);
			name = Resources;
			sourceTree = "<group>";
		};
/* End PBXGroup section */

/* Begin PBXNativeTarget section */
		E4F875561B85643D0034D847 /* Flappy Bird */ = {
			isa = PBXNativeTarget;
			buildConfigurationList = E4F8756C1B85643D0034D847 /* Build configuration list for PBXNativeTarget "Flappy Bird" */;
			buildPhases = (
				E4F875521B85643D0034D847 /* Sources */,
				E4F875531B85643D0034D847 /* Frameworks */,
				E4F875541B85643D0034D847 /* Resources */,
				E4F875551B85643D0034D847 /* ShellScript */,
			);
			buildRules = (
			);
			dependencies = (
			);
			name = "Flappy Bird";
			productName = "Flappy Bird";
			productReference = E4F875571B85643D0034D847 /* Flappy Bird.app */;
			productType = "com.apple.product-type.application";
		};
/* End PBXNativeTarget section */

/* Begin PBXProject section */
		E4F8754E1B85643D0034D847 /* Project object */ = {
			isa = PBXProject;
			attributes = {
				LastUpgradeCheck = 0640;
				ORGANIZATIONNAME = "Sam Reha";
				TargetAttributes = {
					E4F875561B85643D0034D847 = {
						CreatedOnToolsVersion = 6.4;
					};
				};
			};
			buildConfigurationList = E4F875511B85643D0034D847 /* Build configuration list for PBXProject "Flappy Bird" */;
			compatibilityVersion = "Xcode 3.2";
			developmentRegion = English;
			hasScannedForEncodings = 0;
			knownRegions = (
				en,
			);
			mainGroup = E4F8754D1B85643D0034D847;
			productRefGroup = E4F875581B85643D0034D847 /* Products */;
			projectDirPath = "";
			projectRoot = "";
			targets = (
				E4F875561B85643D0034D847 /* Flappy Bird */,
			);
		};
/* End PBXProject section */

/* Begin PBXResourcesBuildPhase section */
		E4F875541B85643D0034D847 /* Resources */ = {
			isa = PBXResourcesBuildPhase;
			buildActionMask = 2147483647;
			files = (
				E4F875751B88FBDD0034D847 /* other_textures in Resources */,
				E4F875691B85643D0034D847 /* icon.png in Resources */,
				E4F875671B85643D0034D847 /* sansation.ttf in Resources */,
				E4F875701B8564AA0034D847 /* world_texture.png in Resources */,
				E4F875651B85643D0034D847 /* nice_music.ogg in Resources */,
			);
			runOnlyForDeploymentPostprocessing = 0;
		};
/* End PBXResourcesBuildPhase section */

/* Begin PBXShellScriptBuildPhase section */
		E4F875551B85643D0034D847 /* ShellScript */ = {
			isa = PBXShellScriptBuildPhase;
			buildActionMask = 2147483647;
			files = (
			);
			inputPaths = (
			);
			outputPaths = (
			);
			runOnlyForDeploymentPostprocessing = 0;
			shellPath = /bin/sh;
			shellScript = "# This shell script simply copies required SFML dylibs/frameworks into the application bundle frameworks folder.\n# If you're using static libraries (which is not recommended) you should remove this script from your project.\n\n# SETTINGS\nCMAKE_INSTALL_FRAMEWORK_PREFIX=\"/Library/Frameworks\"\nCMAKE_INSTALL_LIB_PREFIX=\"/usr/local/lib\"\nFRAMEWORKS_FULL_PATH=\"$BUILT_PRODUCTS_DIR/$FRAMEWORKS_FOLDER_PATH/\"\n\n# Are we building a project that uses frameworks or dylibs?\ncase \"$SFML_BINARY_TYPE\" in\n    DYLIBS)\n        frameworks=\"false\"\n        ;;\n    *)\n        frameworks=\"true\"\n        ;;\nesac\n\n# Echoes to stderr\nerror () # $* message to display\n{\n    echo $* 1>&2\n    exit 2\n}\n\nassert () # $1 is a boolean, $2...N is an error message\n{\n    if [ $# -lt 2 ]\n    then\n        error \"Internal error in assert: not enough args\"\n    fi\n\n    if [ $1 -ne 0 ]\n    then\n        shift\n        error \"$*\"\n    fi\n}\n\nforce_remove () # $@ is some paths\n{\n    test $# -ge 1\n    assert $? \"force_remove() requires at least one parameter\"\n    rm -fr $@\n    assert $? \"couldn't remove $@\"\n}\n\ncopy () # $1 is a source, $2 is a destination\n{\n    test $# -eq 2\n    assert $? \"copy() requires two parameters\"\n    ditto \"$1\" \"$2\"\n    assert $? \"couldn't copy $1 to $2\"\n}\n\nrequire () # $1 is a SFML module like 'system' or 'audio'\n{\n    dest=\"$BUILT_PRODUCTS_DIR/$FRAMEWORKS_FOLDER_PATH/\"\n\n    if [ -z \"$1\" ]\n    then\n        error \"require() requires one parameter!\"\n    else\n        # clean potentially old stuff\n        force_remove \"$dest/libsfml-$1\"*\n        force_remove \"$dest/sfml-$1.framework\"\n\n        # copy SFML libraries\n        if [ \"$frameworks\" = \"true\" ]\n        then\n            source=\"$CMAKE_INSTALL_FRAMEWORK_PREFIX/sfml-$1.framework\"\n            target=\"sfml-$1.framework\"\n        elif [ \"$SFML_LINK_DYLIBS_SUFFIX\" = \"-d\" ]\n        then\n            source=\"$CMAKE_INSTALL_LIB_PREFIX/libsfml-$1-d.dylib\"\n            target=\"`readlink $source`\"\n        else\n            source=\"$CMAKE_INSTALL_LIB_PREFIX/libsfml-$1.dylib\"\n            target=\"`readlink $source`\"\n        fi\n\n        copy \"$source\" \"$dest/$target\"\n\n        # copy extra dependencies\n        if [ \"$1\" = \"audio\" ]\n        then\n            # copy \"FLAC\" \"ogg\" \"vorbis\" \"vorbisenc\" \"vorbisfile\" \"OpenAL\" frameworks too\n            for f in \"FLAC\" \"ogg\" \"vorbis\" \"vorbisenc\" \"vorbisfile\" \"OpenAL\"\n            do\n                copy \"$CMAKE_INSTALL_FRAMEWORK_PREFIX/$f.framework\" \"$dest/$f.framework\"\n            done\n        elif [ \"$1\" = \"graphics\" ]\n        then\n            copy \"$CMAKE_INSTALL_FRAMEWORK_PREFIX/freetype.framework\" \"$dest/freetype.framework\"\n        fi\n    fi\n}\n\nif [ -n \"$SFML_SYSTEM\" ]\nthen\n    require \"system\"\nfi\n\nif [ -n \"$SFML_AUDIO\" ]\nthen\n    require \"audio\"\nfi\n\nif [ -n \"$SFML_NETWORK\" ]\nthen\n    require \"network\"\nfi\n\nif [ -n \"$SFML_WINDOW\" ]\nthen\n    require \"window\"\nfi\n\nif [ -n \"$SFML_GRAPHICS\" ]\nthen\n    require \"graphics\"\nfi\n\n                ";
		};
/* End PBXShellScriptBuildPhase section */

/* Begin PBXSourcesBuildPhase section */
		E4F875521B85643D0034D847 /* Sources */ = {
			isa = PBXSourcesBuildPhase;
			buildActionMask = 2147483647;
			files = (
				E4C1B03A1B8EBC390048A502 /* pipe.cpp in Sources */,
				E4F875731B856B1E0034D847 /* AssetManager.cpp in Sources */,
				E4F875601B85643D0034D847 /* main.cpp in Sources */,
				E4F8757B1B8900030034D847 /* game_obj.cpp in Sources */,
				E43E97F81B925D3F000204A2 /* floor.cpp in Sources */,
				E4F8755D1B85643D0034D847 /* ResourcePath.mm in Sources */,
				E4F875781B88FDC60034D847 /* button.cpp in Sources */,
				E4F8757E1B89034F0034D847 /* character.cpp in Sources */,
			);
			runOnlyForDeploymentPostprocessing = 0;
		};
/* End PBXSourcesBuildPhase section */

/* Begin XCBuildConfiguration section */
		E4F8756A1B85643D0034D847 /* Debug */ = {
			isa = XCBuildConfiguration;
			buildSettings = {
				ARCHS = (
					i386,
					x86_64,
				);
				CLANG_CXX_LANGUAGE_STANDARD = "c++0x";
				CLANG_CXX_LIBRARY = "libc++";
				FRAMEWORK_SEARCH_PATHS = (
					/Library/Frameworks/,
					"$(inherited)",
				);
				GCC_VERSION = com.apple.compilers.llvm.clang.1_0;
				HEADER_SEARCH_PATHS = (
					/usr/local/include/,
					"$(inherited)",
				);
				LIBRARY_SEARCH_PATHS = (
					/usr/local/lib/,
					"$(inherited)",
				);
				MACOSX_DEPLOYMENT_TARGET = 10.7;
				OTHER_LDFLAGS = (
					"$(inherited)",
					"$(SFML_SYSTEM)",
					"$(SFML_WINDOW)",
					"$(SFML_GRAPHICS)",
					"$(SFML_AUDIO)",
					"$(SFML_NETWORK)",
				);
				SFML_AUDIO = "$(SFML_LINK_PREFIX) sfml-audio$(SFML_LINK_SUFFIX)";
				SFML_BINARY_TYPE = DYLIBS;
				SFML_GRAPHICS = "$(SFML_LINK_PREFIX) sfml-graphics$(SFML_LINK_SUFFIX)";
				SFML_LINK_DYLIBS_PREFIX = "-l";
				SFML_LINK_DYLIBS_SUFFIX = "";
				SFML_LINK_FRAMEWORKS_PREFIX = "-framework";
				SFML_LINK_FRAMEWORKS_SUFFIX = "";
				SFML_LINK_PREFIX = "$(SFML_LINK_$(SFML_BINARY_TYPE)_PREFIX)";
				SFML_LINK_SUFFIX = "$(SFML_LINK_$(SFML_BINARY_TYPE)_SUFFIX)";
				SFML_NETWORK = "";
				SFML_SYSTEM = "$(SFML_LINK_PREFIX) sfml-system$(SFML_LINK_SUFFIX)";
				SFML_WINDOW = "$(SFML_LINK_PREFIX) sfml-window$(SFML_LINK_SUFFIX)";
				SUPPORTED_PLATFORMS = macosx;
			};
			name = Debug;
		};
		E4F8756B1B85643D0034D847 /* Release */ = {
			isa = XCBuildConfiguration;
			buildSettings = {
				ARCHS = (
					i386,
					x86_64,
				);
				CLANG_CXX_LANGUAGE_STANDARD = "c++0x";
				CLANG_CXX_LIBRARY = "libc++";
				FRAMEWORK_SEARCH_PATHS = (
					/Library/Frameworks/,
					"$(inherited)",
				);
				GCC_VERSION = com.apple.compilers.llvm.clang.1_0;
				HEADER_SEARCH_PATHS = (
					/usr/local/include/,
					"$(inherited)",
				);
				LIBRARY_SEARCH_PATHS = (
					/usr/local/lib/,
					"$(inherited)",
				);
				MACOSX_DEPLOYMENT_TARGET = 10.7;
				OTHER_LDFLAGS = (
					"$(inherited)",
					"$(SFML_SYSTEM)",
					"$(SFML_WINDOW)",
					"$(SFML_GRAPHICS)",
					"$(SFML_AUDIO)",
					"$(SFML_NETWORK)",
				);
				SFML_AUDIO = "$(SFML_LINK_PREFIX) sfml-audio$(SFML_LINK_SUFFIX)";
				SFML_BINARY_TYPE = DYLIBS;
				SFML_GRAPHICS = "$(SFML_LINK_PREFIX) sfml-graphics$(SFML_LINK_SUFFIX)";
				SFML_LINK_DYLIBS_PREFIX = "-l";
				SFML_LINK_DYLIBS_SUFFIX = "";
				SFML_LINK_FRAMEWORKS_PREFIX = "-framework";
				SFML_LINK_FRAMEWORKS_SUFFIX = "";
				SFML_LINK_PREFIX = "$(SFML_LINK_$(SFML_BINARY_TYPE)_PREFIX)";
				SFML_LINK_SUFFIX = "$(SFML_LINK_$(SFML_BINARY_TYPE)_SUFFIX)";
				SFML_NETWORK = "";
				SFML_SYSTEM = "$(SFML_LINK_PREFIX) sfml-system$(SFML_LINK_SUFFIX)";
				SFML_WINDOW = "$(SFML_LINK_PREFIX) sfml-window$(SFML_LINK_SUFFIX)";
				SUPPORTED_PLATFORMS = macosx;
			};
			name = Release;
		};
		E4F8756D1B85643D0034D847 /* Debug */ = {
			isa = XCBuildConfiguration;
			buildSettings = {
				INFOPLIST_FILE = "Flappy Bird/Flappy Bird-Info.plist";
				LD_RUNPATH_SEARCH_PATHS = "@loader_path/../Frameworks";
				PRODUCT_NAME = "$(TARGET_NAME)";
			};
			name = Debug;
		};
		E4F8756E1B85643D0034D847 /* Release */ = {
			isa = XCBuildConfiguration;
			buildSettings = {
				INFOPLIST_FILE = "Flappy Bird/Flappy Bird-Info.plist";
				LD_RUNPATH_SEARCH_PATHS = "@loader_path/../Frameworks";
				PRODUCT_NAME = "$(TARGET_NAME)";
			};
			name = Release;
		};
/* End XCBuildConfiguration section */

/* Begin XCConfigurationList section */
		E4F875511B85643D0034D847 /* Build configuration list for PBXProject "Flappy Bird" */ = {
			isa = XCConfigurationList;
			buildConfigurations = (
				E4F8756A1B85643D0034D847 /* Debug */,
				E4F8756B1B85643D0034D847 /* Release */,
			);
			defaultConfigurationIsVisible = 0;
			defaultConfigurationName = Release;
		};
		E4F8756C1B85643D0034D847 /* Build configuration list for PBXNativeTarget "Flappy Bird" */ = {
			isa = XCConfigurationList;
			buildConfigurations = (
				E4F8756D1B85643D0034D847 /* Debug */,
				E4F8756E1B85643D0034D847 /* Release */,
			);
			defaultConfigurationIsVisible = 0;
			defaultConfigurationName = Release;
		};
/* End XCConfigurationList section */
	};
	rootObject = E4F8754E1B85643D0034D847 /* Project object */;
}
